
Microsoft Visual Studio Solution File, Format Version 12.00
# Visual Studio 14
VisualStudioVersion = 14.0.22823.1
MinimumVisualStudioVersion = 10.0.40219.1
Project("{2150E333-8FDC-42A3-9474-1A3956D46DE8}") = ".nuget", ".nuget", "{E2466BBF-6C66-4CA0-9005-3168A7C65225}"
	ProjectSection(SolutionItems) = preProject
		.nuget\packages.config = .nuget\packages.config
	EndProjectSection
EndProject
Project("{262852C6-CD72-467D-83FE-5EEB1973A190}") = "Camera", "Camera\Camera.jsproj", "{ADF19A70-EC90-4F6B-A742-DCD14B3D830E}"
EndProject
Project("{262852C6-CD72-467D-83FE-5EEB1973A190}") = "BarcodeReader", "BarcodeReader\BarcodeReader.jsproj", "{1A177D03-A122-4EFA-98D5-391E8C07578F}"
EndProject
Project("{262852C6-CD72-467D-83FE-5EEB1973A190}") = "Toorank", "Toorank\Toorank.jsproj", "{C42085B2-B793-421B-A26D-92657985FFB9}"
EndProject
Project("{FAE04EC0-301F-11D3-BF4B-00C04F79EFBC}") = "ProductFactory", "ProductFactory\ProductFactory.csproj", "{4DE6286F-45A1-498B-92A7-307974FF2FB2}"
EndProject
Global
	GlobalSection(SolutionConfigurationPlatforms) = preSolution
		Debug|Android = Debug|Android
		Debug|Any CPU = Debug|Any CPU
		Debug|iOS = Debug|iOS
		Debug|Windows Phone (Universal) = Debug|Windows Phone (Universal)
		Debug|Windows Phone 8 = Debug|Windows Phone 8
		Debug|Windows-AnyCPU = Debug|Windows-AnyCPU
		Debug|Windows-ARM = Debug|Windows-ARM
		Debug|Windows-x64 = Debug|Windows-x64
		Debug|Windows-x86 = Debug|Windows-x86
		Distribution|Android = Distribution|Android
		Distribution|Any CPU = Distribution|Any CPU
		Distribution|iOS = Distribution|iOS
		Distribution|Windows Phone (Universal) = Distribution|Windows Phone (Universal)
		Distribution|Windows Phone 8 = Distribution|Windows Phone 8
		Distribution|Windows-AnyCPU = Distribution|Windows-AnyCPU
		Distribution|Windows-ARM = Distribution|Windows-ARM
		Distribution|Windows-x64 = Distribution|Windows-x64
		Distribution|Windows-x86 = Distribution|Windows-x86
		Release|Android = Release|Android
		Release|Any CPU = Release|Any CPU
		Release|iOS = Release|iOS
		Release|Windows Phone (Universal) = Release|Windows Phone (Universal)
		Release|Windows Phone 8 = Release|Windows Phone 8
		Release|Windows-AnyCPU = Release|Windows-AnyCPU
		Release|Windows-ARM = Release|Windows-ARM
		Release|Windows-x64 = Release|Windows-x64
		Release|Windows-x86 = Release|Windows-x86
	EndGlobalSection
	GlobalSection(ProjectConfigurationPlatforms) = postSolution
		{ADF19A70-EC90-4F6B-A742-DCD14B3D830E}.Debug|Android.ActiveCfg = Debug|Android
		{ADF19A70-EC90-4F6B-A742-DCD14B3D830E}.Debug|Android.Build.0 = Debug|Android
		{ADF19A70-EC90-4F6B-A742-DCD14B3D830E}.Debug|Android.Deploy.0 = Debug|Android
		{ADF19A70-EC90-4F6B-A742-DCD14B3D830E}.Debug|Any CPU.ActiveCfg = Debug|Android
		{ADF19A70-EC90-4F6B-A742-DCD14B3D830E}.Debug|iOS.ActiveCfg = Debug|iOS
		{ADF19A70-EC90-4F6B-A742-DCD14B3D830E}.Debug|iOS.Build.0 = Debug|iOS
		{ADF19A70-EC90-4F6B-A742-DCD14B3D830E}.Debug|iOS.Deploy.0 = Debug|iOS
		{ADF19A70-EC90-4F6B-A742-DCD14B3D830E}.Debug|Windows Phone (Universal).ActiveCfg = Debug|Windows Phone (Universal)
		{ADF19A70-EC90-4F6B-A742-DCD14B3D830E}.Debug|Windows Phone (Universal).Build.0 = Debug|Windows Phone (Universal)
		{ADF19A70-EC90-4F6B-A742-DCD14B3D830E}.Debug|Windows Phone (Universal).Deploy.0 = Debug|Windows Phone (Universal)
		{ADF19A70-EC90-4F6B-A742-DCD14B3D830E}.Debug|Windows Phone 8.ActiveCfg = Debug|Windows Phone 8
		{ADF19A70-EC90-4F6B-A742-DCD14B3D830E}.Debug|Windows Phone 8.Build.0 = Debug|Windows Phone 8
		{ADF19A70-EC90-4F6B-A742-DCD14B3D830E}.Debug|Windows Phone 8.Deploy.0 = Debug|Windows Phone 8
		{ADF19A70-EC90-4F6B-A742-DCD14B3D830E}.Debug|Windows-AnyCPU.ActiveCfg = Debug|Windows-AnyCPU
		{ADF19A70-EC90-4F6B-A742-DCD14B3D830E}.Debug|Windows-AnyCPU.Build.0 = Debug|Windows-AnyCPU
		{ADF19A70-EC90-4F6B-A742-DCD14B3D830E}.Debug|Windows-AnyCPU.Deploy.0 = Debug|Windows-AnyCPU
		{ADF19A70-EC90-4F6B-A742-DCD14B3D830E}.Debug|Windows-ARM.ActiveCfg = Debug|Windows-ARM
		{ADF19A70-EC90-4F6B-A742-DCD14B3D830E}.Debug|Windows-ARM.Build.0 = Debug|Windows-ARM
		{ADF19A70-EC90-4F6B-A742-DCD14B3D830E}.Debug|Windows-ARM.Deploy.0 = Debug|Windows-ARM
		{ADF19A70-EC90-4F6B-A742-DCD14B3D830E}.Debug|Windows-x64.ActiveCfg = Debug|Windows-x64
		{ADF19A70-EC90-4F6B-A742-DCD14B3D830E}.Debug|Windows-x64.Build.0 = Debug|Windows-x64
		{ADF19A70-EC90-4F6B-A742-DCD14B3D830E}.Debug|Windows-x64.Deploy.0 = Debug|Windows-x64
		{ADF19A70-EC90-4F6B-A742-DCD14B3D830E}.Debug|Windows-x86.ActiveCfg = Debug|Windows-x86
		{ADF19A70-EC90-4F6B-A742-DCD14B3D830E}.Debug|Windows-x86.Build.0 = Debug|Windows-x86
		{ADF19A70-EC90-4F6B-A742-DCD14B3D830E}.Debug|Windows-x86.Deploy.0 = Debug|Windows-x86
		{ADF19A70-EC90-4F6B-A742-DCD14B3D830E}.Distribution|Android.ActiveCfg = Distribution|Android
		{ADF19A70-EC90-4F6B-A742-DCD14B3D830E}.Distribution|Android.Build.0 = Distribution|Android
		{ADF19A70-EC90-4F6B-A742-DCD14B3D830E}.Distribution|Android.Deploy.0 = Distribution|Android
		{ADF19A70-EC90-4F6B-A742-DCD14B3D830E}.Distribution|Any CPU.ActiveCfg = Distribution|Android
		{ADF19A70-EC90-4F6B-A742-DCD14B3D830E}.Distribution|iOS.ActiveCfg = Distribution|iOS
		{ADF19A70-EC90-4F6B-A742-DCD14B3D830E}.Distribution|iOS.Build.0 = Distribution|iOS
		{ADF19A70-EC90-4F6B-A742-DCD14B3D830E}.Distribution|iOS.Deploy.0 = Distribution|iOS
		{ADF19A70-EC90-4F6B-A742-DCD14B3D830E}.Distribution|Windows Phone (Universal).ActiveCfg = Distribution|Windows Phone (Universal)
		{ADF19A70-EC90-4F6B-A742-DCD14B3D830E}.Distribution|Windows Phone (Universal).Build.0 = Distribution|Windows Phone (Universal)
		{ADF19A70-EC90-4F6B-A742-DCD14B3D830E}.Distribution|Windows Phone (Universal).Deploy.0 = Distribution|Windows Phone (Universal)
		{ADF19A70-EC90-4F6B-A742-DCD14B3D830E}.Distribution|Windows Phone 8.ActiveCfg = Distribution|Windows Phone 8
		{ADF19A70-EC90-4F6B-A742-DCD14B3D830E}.Distribution|Windows Phone 8.Build.0 = Distribution|Windows Phone 8
		{ADF19A70-EC90-4F6B-A742-DCD14B3D830E}.Distribution|Windows Phone 8.Deploy.0 = Distribution|Windows Phone 8
		{ADF19A70-EC90-4F6B-A742-DCD14B3D830E}.Distribution|Windows-AnyCPU.ActiveCfg = Distribution|Windows-AnyCPU
		{ADF19A70-EC90-4F6B-A742-DCD14B3D830E}.Distribution|Windows-AnyCPU.Build.0 = Distribution|Windows-AnyCPU
		{ADF19A70-EC90-4F6B-A742-DCD14B3D830E}.Distribution|Windows-AnyCPU.Deploy.0 = Distribution|Windows-AnyCPU
		{ADF19A70-EC90-4F6B-A742-DCD14B3D830E}.Distribution|Windows-ARM.ActiveCfg = Distribution|Windows-ARM
		{ADF19A70-EC90-4F6B-A742-DCD14B3D830E}.Distribution|Windows-ARM.Build.0 = Distribution|Windows-ARM
		{ADF19A70-EC90-4F6B-A742-DCD14B3D830E}.Distribution|Windows-ARM.Deploy.0 = Distribution|Windows-ARM
		{ADF19A70-EC90-4F6B-A742-DCD14B3D830E}.Distribution|Windows-x64.ActiveCfg = Distribution|Windows-x64
		{ADF19A70-EC90-4F6B-A742-DCD14B3D830E}.Distribution|Windows-x64.Build.0 = Distribution|Windows-x64
		{ADF19A70-EC90-4F6B-A742-DCD14B3D830E}.Distribution|Windows-x64.Deploy.0 = Distribution|Windows-x64
		{ADF19A70-EC90-4F6B-A742-DCD14B3D830E}.Distribution|Windows-x86.ActiveCfg = Distribution|Windows-x86
		{ADF19A70-EC90-4F6B-A742-DCD14B3D830E}.Distribution|Windows-x86.Build.0 = Distribution|Windows-x86
		{ADF19A70-EC90-4F6B-A742-DCD14B3D830E}.Distribution|Windows-x86.Deploy.0 = Distribution|Windows-x86
		{ADF19A70-EC90-4F6B-A742-DCD14B3D830E}.Release|Android.ActiveCfg = Release|Android
		{ADF19A70-EC90-4F6B-A742-DCD14B3D830E}.Release|Android.Build.0 = Release|Android
		{ADF19A70-EC90-4F6B-A742-DCD14B3D830E}.Release|Android.Deploy.0 = Release|Android
		{ADF19A70-EC90-4F6B-A742-DCD14B3D830E}.Release|Any CPU.ActiveCfg = Release|Android
		{ADF19A70-EC90-4F6B-A742-DCD14B3D830E}.Release|iOS.ActiveCfg = Release|iOS
		{ADF19A70-EC90-4F6B-A742-DCD14B3D830E}.Release|iOS.Build.0 = Release|iOS
		{ADF19A70-EC90-4F6B-A742-DCD14B3D830E}.Release|iOS.Deploy.0 = Release|iOS
		{ADF19A70-EC90-4F6B-A742-DCD14B3D830E}.Release|Windows Phone (Universal).ActiveCfg = Release|Windows Phone (Universal)
		{ADF19A70-EC90-4F6B-A742-DCD14B3D830E}.Release|Windows Phone (Universal).Build.0 = Release|Windows Phone (Universal)
		{ADF19A70-EC90-4F6B-A742-DCD14B3D830E}.Release|Windows Phone (Universal).Deploy.0 = Release|Windows Phone (Universal)
		{ADF19A70-EC90-4F6B-A742-DCD14B3D830E}.Release|Windows Phone 8.ActiveCfg = Release|Windows Phone 8
		{ADF19A70-EC90-4F6B-A742-DCD14B3D830E}.Release|Windows Phone 8.Build.0 = Release|Windows Phone 8
		{ADF19A70-EC90-4F6B-A742-DCD14B3D830E}.Release|Windows Phone 8.Deploy.0 = Release|Windows Phone 8
		{ADF19A70-EC90-4F6B-A742-DCD14B3D830E}.Release|Windows-AnyCPU.ActiveCfg = Release|Windows-AnyCPU
		{ADF19A70-EC90-4F6B-A742-DCD14B3D830E}.Release|Windows-AnyCPU.Build.0 = Release|Windows-AnyCPU
		{ADF19A70-EC90-4F6B-A742-DCD14B3D830E}.Release|Windows-AnyCPU.Deploy.0 = Release|Windows-AnyCPU
		{ADF19A70-EC90-4F6B-A742-DCD14B3D830E}.Release|Windows-ARM.ActiveCfg = Release|Windows-ARM
		{ADF19A70-EC90-4F6B-A742-DCD14B3D830E}.Release|Windows-ARM.Build.0 = Release|Windows-ARM
		{ADF19A70-EC90-4F6B-A742-DCD14B3D830E}.Release|Windows-ARM.Deploy.0 = Release|Windows-ARM
		{ADF19A70-EC90-4F6B-A742-DCD14B3D830E}.Release|Windows-x64.ActiveCfg = Release|Windows-x64
		{ADF19A70-EC90-4F6B-A742-DCD14B3D830E}.Release|Windows-x64.Build.0 = Release|Windows-x64
		{ADF19A70-EC90-4F6B-A742-DCD14B3D830E}.Release|Windows-x64.Deploy.0 = Release|Windows-x64
		{ADF19A70-EC90-4F6B-A742-DCD14B3D830E}.Release|Windows-x86.ActiveCfg = Release|Windows-x86
		{ADF19A70-EC90-4F6B-A742-DCD14B3D830E}.Release|Windows-x86.Build.0 = Release|Windows-x86
		{ADF19A70-EC90-4F6B-A742-DCD14B3D830E}.Release|Windows-x86.Deploy.0 = Release|Windows-x86
		{1A177D03-A122-4EFA-98D5-391E8C07578F}.Debug|Android.ActiveCfg = Debug|Android
		{1A177D03-A122-4EFA-98D5-391E8C07578F}.Debug|Android.Build.0 = Debug|Android
		{1A177D03-A122-4EFA-98D5-391E8C07578F}.Debug|Android.Deploy.0 = Debug|Android
		{1A177D03-A122-4EFA-98D5-391E8C07578F}.Debug|Any CPU.ActiveCfg = Debug|Android
		{1A177D03-A122-4EFA-98D5-391E8C07578F}.Debug|iOS.ActiveCfg = Debug|iOS
		{1A177D03-A122-4EFA-98D5-391E8C07578F}.Debug|iOS.Build.0 = Debug|iOS
		{1A177D03-A122-4EFA-98D5-391E8C07578F}.Debug|iOS.Deploy.0 = Debug|iOS
		{1A177D03-A122-4EFA-98D5-391E8C07578F}.Debug|Windows Phone (Universal).ActiveCfg = Debug|Windows Phone (Universal)
		{1A177D03-A122-4EFA-98D5-391E8C07578F}.Debug|Windows Phone (Universal).Build.0 = Debug|Windows Phone (Universal)
		{1A177D03-A122-4EFA-98D5-391E8C07578F}.Debug|Windows Phone (Universal).Deploy.0 = Debug|Windows Phone (Universal)
		{1A177D03-A122-4EFA-98D5-391E8C07578F}.Debug|Windows Phone 8.ActiveCfg = Debug|Windows Phone 8
		{1A177D03-A122-4EFA-98D5-391E8C07578F}.Debug|Windows Phone 8.Build.0 = Debug|Windows Phone 8
		{1A177D03-A122-4EFA-98D5-391E8C07578F}.Debug|Windows Phone 8.Deploy.0 = Debug|Windows Phone 8
		{1A177D03-A122-4EFA-98D5-391E8C07578F}.Debug|Windows-AnyCPU.ActiveCfg = Debug|Windows-AnyCPU
		{1A177D03-A122-4EFA-98D5-391E8C07578F}.Debug|Windows-AnyCPU.Build.0 = Debug|Windows-AnyCPU
		{1A177D03-A122-4EFA-98D5-391E8C07578F}.Debug|Windows-AnyCPU.Deploy.0 = Debug|Windows-AnyCPU
		{1A177D03-A122-4EFA-98D5-391E8C07578F}.Debug|Windows-ARM.ActiveCfg = Debug|Windows-ARM
		{1A177D03-A122-4EFA-98D5-391E8C07578F}.Debug|Windows-ARM.Build.0 = Debug|Windows-ARM
		{1A177D03-A122-4EFA-98D5-391E8C07578F}.Debug|Windows-ARM.Deploy.0 = Debug|Windows-ARM
		{1A177D03-A122-4EFA-98D5-391E8C07578F}.Debug|Windows-x64.ActiveCfg = Debug|Windows-x64
		{1A177D03-A122-4EFA-98D5-391E8C07578F}.Debug|Windows-x64.Build.0 = Debug|Windows-x64
		{1A177D03-A122-4EFA-98D5-391E8C07578F}.Debug|Windows-x64.Deploy.0 = Debug|Windows-x64
		{1A177D03-A122-4EFA-98D5-391E8C07578F}.Debug|Windows-x86.ActiveCfg = Debug|Windows-x86
		{1A177D03-A122-4EFA-98D5-391E8C07578F}.Debug|Windows-x86.Build.0 = Debug|Windows-x86
		{1A177D03-A122-4EFA-98D5-391E8C07578F}.Debug|Windows-x86.Deploy.0 = Debug|Windows-x86
		{1A177D03-A122-4EFA-98D5-391E8C07578F}.Distribution|Android.ActiveCfg = Distribution|Android
		{1A177D03-A122-4EFA-98D5-391E8C07578F}.Distribution|Android.Build.0 = Distribution|Android
		{1A177D03-A122-4EFA-98D5-391E8C07578F}.Distribution|Android.Deploy.0 = Distribution|Android
		{1A177D03-A122-4EFA-98D5-391E8C07578F}.Distribution|Any CPU.ActiveCfg = Distribution|Android
		{1A177D03-A122-4EFA-98D5-391E8C07578F}.Distribution|iOS.ActiveCfg = Distribution|iOS
		{1A177D03-A122-4EFA-98D5-391E8C07578F}.Distribution|iOS.Build.0 = Distribution|iOS
		{1A177D03-A122-4EFA-98D5-391E8C07578F}.Distribution|iOS.Deploy.0 = Distribution|iOS
		{1A177D03-A122-4EFA-98D5-391E8C07578F}.Distribution|Windows Phone (Universal).ActiveCfg = Distribution|Windows Phone (Universal)
		{1A177D03-A122-4EFA-98D5-391E8C07578F}.Distribution|Windows Phone (Universal).Build.0 = Distribution|Windows Phone (Universal)
		{1A177D03-A122-4EFA-98D5-391E8C07578F}.Distribution|Windows Phone (Universal).Deploy.0 = Distribution|Windows Phone (Universal)
		{1A177D03-A122-4EFA-98D5-391E8C07578F}.Distribution|Windows Phone 8.ActiveCfg = Distribution|Windows Phone 8
		{1A177D03-A122-4EFA-98D5-391E8C07578F}.Distribution|Windows Phone 8.Build.0 = Distribution|Windows Phone 8
		{1A177D03-A122-4EFA-98D5-391E8C07578F}.Distribution|Windows Phone 8.Deploy.0 = Distribution|Windows Phone 8
		{1A177D03-A122-4EFA-98D5-391E8C07578F}.Distribution|Windows-AnyCPU.ActiveCfg = Distribution|Windows-AnyCPU
		{1A177D03-A122-4EFA-98D5-391E8C07578F}.Distribution|Windows-AnyCPU.Build.0 = Distribution|Windows-AnyCPU
		{1A177D03-A122-4EFA-98D5-391E8C07578F}.Distribution|Windows-AnyCPU.Deploy.0 = Distribution|Windows-AnyCPU
		{1A177D03-A122-4EFA-98D5-391E8C07578F}.Distribution|Windows-ARM.ActiveCfg = Distribution|Windows-ARM
		{1A177D03-A122-4EFA-98D5-391E8C07578F}.Distribution|Windows-ARM.Build.0 = Distribution|Windows-ARM
		{1A177D03-A122-4EFA-98D5-391E8C07578F}.Distribution|Windows-ARM.Deploy.0 = Distribution|Windows-ARM
		{1A177D03-A122-4EFA-98D5-391E8C07578F}.Distribution|Windows-x64.ActiveCfg = Distribution|Windows-x64
		{1A177D03-A122-4EFA-98D5-391E8C07578F}.Distribution|Windows-x64.Build.0 = Distribution|Windows-x64
		{1A177D03-A122-4EFA-98D5-391E8C07578F}.Distribution|Windows-x64.Deploy.0 = Distribution|Windows-x64
		{1A177D03-A122-4EFA-98D5-391E8C07578F}.Distribution|Windows-x86.ActiveCfg = Distribution|Windows-x86
		{1A177D03-A122-4EFA-98D5-391E8C07578F}.Distribution|Windows-x86.Build.0 = Distribution|Windows-x86
		{1A177D03-A122-4EFA-98D5-391E8C07578F}.Distribution|Windows-x86.Deploy.0 = Distribution|Windows-x86
		{1A177D03-A122-4EFA-98D5-391E8C07578F}.Release|Android.ActiveCfg = Release|Android
		{1A177D03-A122-4EFA-98D5-391E8C07578F}.Release|Android.Build.0 = Release|Android
		{1A177D03-A122-4EFA-98D5-391E8C07578F}.Release|Android.Deploy.0 = Release|Android
		{1A177D03-A122-4EFA-98D5-391E8C07578F}.Release|Any CPU.ActiveCfg = Release|Android
		{1A177D03-A122-4EFA-98D5-391E8C07578F}.Release|iOS.ActiveCfg = Release|iOS
		{1A177D03-A122-4EFA-98D5-391E8C07578F}.Release|iOS.Build.0 = Release|iOS
		{1A177D03-A122-4EFA-98D5-391E8C07578F}.Release|iOS.Deploy.0 = Release|iOS
		{1A177D03-A122-4EFA-98D5-391E8C07578F}.Release|Windows Phone (Universal).ActiveCfg = Release|Windows Phone (Universal)
		{1A177D03-A122-4EFA-98D5-391E8C07578F}.Release|Windows Phone (Universal).Build.0 = Release|Windows Phone (Universal)
		{1A177D03-A122-4EFA-98D5-391E8C07578F}.Release|Windows Phone (Universal).Deploy.0 = Release|Windows Phone (Universal)
		{1A177D03-A122-4EFA-98D5-391E8C07578F}.Release|Windows Phone 8.ActiveCfg = Release|Windows Phone 8
		{1A177D03-A122-4EFA-98D5-391E8C07578F}.Release|Windows Phone 8.Build.0 = Release|Windows Phone 8
		{1A177D03-A122-4EFA-98D5-391E8C07578F}.Release|Windows Phone 8.Deploy.0 = Release|Windows Phone 8
		{1A177D03-A122-4EFA-98D5-391E8C07578F}.Release|Windows-AnyCPU.ActiveCfg = Release|Windows-AnyCPU
		{1A177D03-A122-4EFA-98D5-391E8C07578F}.Release|Windows-AnyCPU.Build.0 = Release|Windows-AnyCPU
		{1A177D03-A122-4EFA-98D5-391E8C07578F}.Release|Windows-AnyCPU.Deploy.0 = Release|Windows-AnyCPU
		{1A177D03-A122-4EFA-98D5-391E8C07578F}.Release|Windows-ARM.ActiveCfg = Release|Windows-ARM
		{1A177D03-A122-4EFA-98D5-391E8C07578F}.Release|Windows-ARM.Build.0 = Release|Windows-ARM
		{1A177D03-A122-4EFA-98D5-391E8C07578F}.Release|Windows-ARM.Deploy.0 = Release|Windows-ARM
		{1A177D03-A122-4EFA-98D5-391E8C07578F}.Release|Windows-x64.ActiveCfg = Release|Windows-x64
		{1A177D03-A122-4EFA-98D5-391E8C07578F}.Release|Windows-x64.Build.0 = Release|Windows-x64
		{1A177D03-A122-4EFA-98D5-391E8C07578F}.Release|Windows-x64.Deploy.0 = Release|Windows-x64
		{1A177D03-A122-4EFA-98D5-391E8C07578F}.Release|Windows-x86.ActiveCfg = Release|Windows-x86
		{1A177D03-A122-4EFA-98D5-391E8C07578F}.Release|Windows-x86.Build.0 = Release|Windows-x86
		{1A177D03-A122-4EFA-98D5-391E8C07578F}.Release|Windows-x86.Deploy.0 = Release|Windows-x86
		{C42085B2-B793-421B-A26D-92657985FFB9}.Debug|Android.ActiveCfg = Debug|Android
		{C42085B2-B793-421B-A26D-92657985FFB9}.Debug|Android.Build.0 = Debug|Android
		{C42085B2-B793-421B-A26D-92657985FFB9}.Debug|Android.Deploy.0 = Debug|Android
		{C42085B2-B793-421B-A26D-92657985FFB9}.Debug|Any CPU.ActiveCfg = Debug|Android
		{C42085B2-B793-421B-A26D-92657985FFB9}.Debug|iOS.ActiveCfg = Debug|iOS
		{C42085B2-B793-421B-A26D-92657985FFB9}.Debug|iOS.Build.0 = Debug|iOS
		{C42085B2-B793-421B-A26D-92657985FFB9}.Debug|iOS.Deploy.0 = Debug|iOS
		{C42085B2-B793-421B-A26D-92657985FFB9}.Debug|Windows Phone (Universal).ActiveCfg = Debug|Windows Phone (Universal)
		{C42085B2-B793-421B-A26D-92657985FFB9}.Debug|Windows Phone (Universal).Build.0 = Debug|Windows Phone (Universal)
		{C42085B2-B793-421B-A26D-92657985FFB9}.Debug|Windows Phone (Universal).Deploy.0 = Debug|Windows Phone (Universal)
		{C42085B2-B793-421B-A26D-92657985FFB9}.Debug|Windows Phone 8.ActiveCfg = Debug|Windows Phone 8
		{C42085B2-B793-421B-A26D-92657985FFB9}.Debug|Windows Phone 8.Build.0 = Debug|Windows Phone 8
		{C42085B2-B793-421B-A26D-92657985FFB9}.Debug|Windows Phone 8.Deploy.0 = Debug|Windows Phone 8
		{C42085B2-B793-421B-A26D-92657985FFB9}.Debug|Windows-AnyCPU.ActiveCfg = Debug|Windows-AnyCPU
		{C42085B2-B793-421B-A26D-92657985FFB9}.Debug|Windows-AnyCPU.Build.0 = Debug|Windows-AnyCPU
		{C42085B2-B793-421B-A26D-92657985FFB9}.Debug|Windows-AnyCPU.Deploy.0 = Debug|Windows-AnyCPU
		{C42085B2-B793-421B-A26D-92657985FFB9}.Debug|Windows-ARM.ActiveCfg = Debug|Windows-ARM
		{C42085B2-B793-421B-A26D-92657985FFB9}.Debug|Windows-ARM.Build.0 = Debug|Windows-ARM
		{C42085B2-B793-421B-A26D-92657985FFB9}.Debug|Windows-ARM.Deploy.0 = Debug|Windows-ARM
		{C42085B2-B793-421B-A26D-92657985FFB9}.Debug|Windows-x64.ActiveCfg = Debug|Windows-x64
		{C42085B2-B793-421B-A26D-92657985FFB9}.Debug|Windows-x64.Build.0 = Debug|Windows-x64
		{C42085B2-B793-421B-A26D-92657985FFB9}.Debug|Windows-x64.Deploy.0 = Debug|Windows-x64
		{C42085B2-B793-421B-A26D-92657985FFB9}.Debug|Windows-x86.ActiveCfg = Debug|Windows-x86
		{C42085B2-B793-421B-A26D-92657985FFB9}.Debug|Windows-x86.Build.0 = Debug|Windows-x86
		{C42085B2-B793-421B-A26D-92657985FFB9}.Debug|Windows-x86.Deploy.0 = Debug|Windows-x86
		{C42085B2-B793-421B-A26D-92657985FFB9}.Distribution|Android.ActiveCfg = Release|Android
		{C42085B2-B793-421B-A26D-92657985FFB9}.Distribution|Android.Build.0 = Release|Android
		{C42085B2-B793-421B-A26D-92657985FFB9}.Distribution|Android.Deploy.0 = Release|Android
		{C42085B2-B793-421B-A26D-92657985FFB9}.Distribution|Any CPU.ActiveCfg = Release|Windows-x86
		{C42085B2-B793-421B-A26D-92657985FFB9}.Distribution|Any CPU.Build.0 = Release|Windows-x86
		{C42085B2-B793-421B-A26D-92657985FFB9}.Distribution|Any CPU.Deploy.0 = Release|Windows-x86
		{C42085B2-B793-421B-A26D-92657985FFB9}.Distribution|iOS.ActiveCfg = Debug|iOS
		{C42085B2-B793-421B-A26D-92657985FFB9}.Distribution|iOS.Build.0 = Debug|iOS
		{C42085B2-B793-421B-A26D-92657985FFB9}.Distribution|iOS.Deploy.0 = Debug|iOS
		{C42085B2-B793-421B-A26D-92657985FFB9}.Distribution|Windows Phone (Universal).ActiveCfg = Debug|Windows Phone (Universal)
		{C42085B2-B793-421B-A26D-92657985FFB9}.Distribution|Windows Phone (Universal).Build.0 = Debug|Windows Phone (Universal)
		{C42085B2-B793-421B-A26D-92657985FFB9}.Distribution|Windows Phone (Universal).Deploy.0 = Debug|Windows Phone (Universal)
		{C42085B2-B793-421B-A26D-92657985FFB9}.Distribution|Windows Phone 8.ActiveCfg = Debug|Windows Phone 8
		{C42085B2-B793-421B-A26D-92657985FFB9}.Distribution|Windows Phone 8.Build.0 = Debug|Windows Phone 8
		{C42085B2-B793-421B-A26D-92657985FFB9}.Distribution|Windows Phone 8.Deploy.0 = Debug|Windows Phone 8
		{C42085B2-B793-421B-A26D-92657985FFB9}.Distribution|Windows-AnyCPU.ActiveCfg = Debug|Windows-AnyCPU
		{C42085B2-B793-421B-A26D-92657985FFB9}.Distribution|Windows-AnyCPU.Build.0 = Debug|Windows-AnyCPU
		{C42085B2-B793-421B-A26D-92657985FFB9}.Distribution|Windows-AnyCPU.Deploy.0 = Debug|Windows-AnyCPU
		{C42085B2-B793-421B-A26D-92657985FFB9}.Distribution|Windows-ARM.ActiveCfg = Debug|Windows-ARM
		{C42085B2-B793-421B-A26D-92657985FFB9}.Distribution|Windows-ARM.Build.0 = Debug|Windows-ARM
		{C42085B2-B793-421B-A26D-92657985FFB9}.Distribution|Windows-ARM.Deploy.0 = Debug|Windows-ARM
		{C42085B2-B793-421B-A26D-92657985FFB9}.Distribution|Windows-x64.ActiveCfg = Debug|Windows-x64
		{C42085B2-B793-421B-A26D-92657985FFB9}.Distribution|Windows-x64.Build.0 = Debug|Windows-x64
		{C42085B2-B793-421B-A26D-92657985FFB9}.Distribution|Windows-x64.Deploy.0 = Debug|Windows-x64
		{C42085B2-B793-421B-A26D-92657985FFB9}.Distribution|Windows-x86.ActiveCfg = Debug|Windows-x86
		{C42085B2-B793-421B-A26D-92657985FFB9}.Distribution|Windows-x86.Build.0 = Debug|Windows-x86
		{C42085B2-B793-421B-A26D-92657985FFB9}.Distribution|Windows-x86.Deploy.0 = Debug|Windows-x86
		{C42085B2-B793-421B-A26D-92657985FFB9}.Release|Android.ActiveCfg = Release|Android
		{C42085B2-B793-421B-A26D-92657985FFB9}.Release|Android.Build.0 = Release|Android
		{C42085B2-B793-421B-A26D-92657985FFB9}.Release|Android.Deploy.0 = Release|Android
		{C42085B2-B793-421B-A26D-92657985FFB9}.Release|Any CPU.ActiveCfg = Release|Android
		{C42085B2-B793-421B-A26D-92657985FFB9}.Release|iOS.ActiveCfg = Release|iOS
		{C42085B2-B793-421B-A26D-92657985FFB9}.Release|iOS.Build.0 = Release|iOS
		{C42085B2-B793-421B-A26D-92657985FFB9}.Release|iOS.Deploy.0 = Release|iOS
		{C42085B2-B793-421B-A26D-92657985FFB9}.Release|Windows Phone (Universal).ActiveCfg = Release|Windows Phone (Universal)
		{C42085B2-B793-421B-A26D-92657985FFB9}.Release|Windows Phone (Universal).Build.0 = Release|Windows Phone (Universal)
		{C42085B2-B793-421B-A26D-92657985FFB9}.Release|Windows Phone (Universal).Deploy.0 = Release|Windows Phone (Universal)
		{C42085B2-B793-421B-A26D-92657985FFB9}.Release|Windows Phone 8.ActiveCfg = Release|Windows Phone 8
		{C42085B2-B793-421B-A26D-92657985FFB9}.Release|Windows Phone 8.Build.0 = Release|Windows Phone 8
		{C42085B2-B793-421B-A26D-92657985FFB9}.Release|Windows Phone 8.Deploy.0 = Release|Windows Phone 8
		{C42085B2-B793-421B-A26D-92657985FFB9}.Release|Windows-AnyCPU.ActiveCfg = Release|Windows-AnyCPU
		{C42085B2-B793-421B-A26D-92657985FFB9}.Release|Windows-AnyCPU.Build.0 = Release|Windows-AnyCPU
		{C42085B2-B793-421B-A26D-92657985FFB9}.Release|Windows-AnyCPU.Deploy.0 = Release|Windows-AnyCPU
		{C42085B2-B793-421B-A26D-92657985FFB9}.Release|Windows-ARM.ActiveCfg = Release|Windows-ARM
		{C42085B2-B793-421B-A26D-92657985FFB9}.Release|Windows-ARM.Build.0 = Release|Windows-ARM
		{C42085B2-B793-421B-A26D-92657985FFB9}.Release|Windows-ARM.Deploy.0 = Release|Windows-ARM
		{C42085B2-B793-421B-A26D-92657985FFB9}.Release|Windows-x64.ActiveCfg = Release|Windows-x64
		{C42085B2-B793-421B-A26D-92657985FFB9}.Release|Windows-x64.Build.0 = Release|Windows-x64
		{C42085B2-B793-421B-A26D-92657985FFB9}.Release|Windows-x64.Deploy.0 = Release|Windows-x64
		{C42085B2-B793-421B-A26D-92657985FFB9}.Release|Windows-x86.ActiveCfg = Release|Windows-x86
		{C42085B2-B793-421B-A26D-92657985FFB9}.Release|Windows-x86.Build.0 = Release|Windows-x86
		{C42085B2-B793-421B-A26D-92657985FFB9}.Release|Windows-x86.Deploy.0 = Release|Windows-x86
		{4DE6286F-45A1-498B-92A7-307974FF2FB2}.Debug|Android.ActiveCfg = Debug|Any CPU
		{4DE6286F-45A1-498B-92A7-307974FF2FB2}.Debug|Android.Build.0 = Debug|Any CPU
		{4DE6286F-45A1-498B-92A7-307974FF2FB2}.Debug|Any CPU.ActiveCfg = Debug|Any CPU
		{4DE6286F-45A1-498B-92A7-307974FF2FB2}.Debug|Any CPU.Build.0 = Debug|Any CPU
		{4DE6286F-45A1-498B-92A7-307974FF2FB2}.Debug|iOS.ActiveCfg = Debug|Any CPU
		{4DE6286F-45A1-498B-92A7-307974FF2FB2}.Debug|iOS.Build.0 = Debug|Any CPU
		{4DE6286F-45A1-498B-92A7-307974FF2FB2}.Debug|Windows Phone (Universal).ActiveCfg = Debug|Any CPU
		{4DE6286F-45A1-498B-92A7-307974FF2FB2}.Debug|Windows Phone (Universal).Build.0 = Debug|Any CPU
		{4DE6286F-45A1-498B-92A7-307974FF2FB2}.Debug|Windows Phone 8.ActiveCfg = Debug|Any CPU
		{4DE6286F-45A1-498B-92A7-307974FF2FB2}.Debug|Windows Phone 8.Build.0 = Debug|Any CPU
		{4DE6286F-45A1-498B-92A7-307974FF2FB2}.Debug|Windows-AnyCPU.ActiveCfg = Debug|Any CPU
		{4DE6286F-45A1-498B-92A7-307974FF2FB2}.Debug|Windows-AnyCPU.Build.0 = Debug|Any CPU
		{4DE6286F-45A1-498B-92A7-307974FF2FB2}.Debug|Windows-ARM.ActiveCfg = Debug|Any CPU
		{4DE6286F-45A1-498B-92A7-307974FF2FB2}.Debug|Windows-ARM.Build.0 = Debug|Any CPU
		{4DE6286F-45A1-498B-92A7-307974FF2FB2}.Debug|Windows-x64.ActiveCfg = Debug|Any CPU
		{4DE6286F-45A1-498B-92A7-307974FF2FB2}.Debug|Windows-x64.Build.0 = Debug|Any CPU
		{4DE6286F-45A1-498B-92A7-307974FF2FB2}.Debug|Windows-x86.ActiveCfg = Debug|Any CPU
		{4DE6286F-45A1-498B-92A7-307974FF2FB2}.Debug|Windows-x86.Build.0 = Debug|Any CPU
		{4DE6286F-45A1-498B-92A7-307974FF2FB2}.Distribution|Android.ActiveCfg = Debug|Any CPU
		{4DE6286F-45A1-498B-92A7-307974FF2FB2}.Distribution|Android.Build.0 = Debug|Any CPU
		{4DE6286F-45A1-498B-92A7-307974FF2FB2}.Distribution|Any CPU.ActiveCfg = Debug|Any CPU
		{4DE6286F-45A1-498B-92A7-307974FF2FB2}.Distribution|Any CPU.Build.0 = Debug|Any CPU
		{4DE6286F-45A1-498B-92A7-307974FF2FB2}.Distribution|iOS.ActiveCfg = Debug|Any CPU
		{4DE6286F-45A1-498B-92A7-307974FF2FB2}.Distribution|iOS.Build.0 = Debug|Any CPU
		{4DE6286F-45A1-498B-92A7-307974FF2FB2}.Distribution|Windows Phone (Universal).ActiveCfg = Debug|Any CPU
		{4DE6286F-45A1-498B-92A7-307974FF2FB2}.Distribution|Windows Phone (Universal).Build.0 = Debug|Any CPU
		{4DE6286F-45A1-498B-92A7-307974FF2FB2}.Distribution|Windows Phone 8.ActiveCfg = Debug|Any CPU
		{4DE6286F-45A1-498B-92A7-307974FF2FB2}.Distribution|Windows Phone 8.Build.0 = Debug|Any CPU
		{4DE6286F-45A1-498B-92A7-307974FF2FB2}.Distribution|Windows-AnyCPU.ActiveCfg = Debug|Any CPU
		{4DE6286F-45A1-498B-92A7-307974FF2FB2}.Distribution|Windows-AnyCPU.Build.0 = Debug|Any CPU
		{4DE6286F-45A1-498B-92A7-307974FF2FB2}.Distribution|Windows-ARM.ActiveCfg = Debug|Any CPU
		{4DE6286F-45A1-498B-92A7-307974FF2FB2}.Distribution|Windows-ARM.Build.0 = Debug|Any CPU
		{4DE6286F-45A1-498B-92A7-307974FF2FB2}.Distribution|Windows-x64.ActiveCfg = Debug|Any CPU
		{4DE6286F-45A1-498B-92A7-307974FF2FB2}.Distribution|Windows-x64.Build.0 = Debug|Any CPU
		{4DE6286F-45A1-498B-92A7-307974FF2FB2}.Distribution|Windows-x86.ActiveCfg = Debug|Any CPU
		{4DE6286F-45A1-498B-92A7-307974FF2FB2}.Distribution|Windows-x86.Build.0 = Debug|Any CPU
		{4DE6286F-45A1-498B-92A7-307974FF2FB2}.Release|Android.ActiveCfg = Release|Any CPU
		{4DE6286F-45A1-498B-92A7-307974FF2FB2}.Release|Android.Build.0 = Release|Any CPU
		{4DE6286F-45A1-498B-92A7-307974FF2FB2}.Release|Any CPU.ActiveCfg = Release|Any CPU
		{4DE6286F-45A1-498B-92A7-307974FF2FB2}.Release|Any CPU.Build.0 = Release|Any CPU
		{4DE6286F-45A1-498B-92A7-307974FF2FB2}.Release|iOS.ActiveCfg = Release|Any CPU
		{4DE6286F-45A1-498B-92A7-307974FF2FB2}.Release|iOS.Build.0 = Release|Any CPU
		{4DE6286F-45A1-498B-92A7-307974FF2FB2}.Release|Windows Phone (Universal).ActiveCfg = Release|Any CPU
		{4DE6286F-45A1-498B-92A7-307974FF2FB2}.Release|Windows Phone (Universal).Build.0 = Release|Any CPU
		{4DE6286F-45A1-498B-92A7-307974FF2FB2}.Release|Windows Phone 8.ActiveCfg = Release|Any CPU
		{4DE6286F-45A1-498B-92A7-307974FF2FB2}.Release|Windows Phone 8.Build.0 = Release|Any CPU
		{4DE6286F-45A1-498B-92A7-307974FF2FB2}.Release|Windows-AnyCPU.ActiveCfg = Release|Any CPU
		{4DE6286F-45A1-498B-92A7-307974FF2FB2}.Release|Windows-AnyCPU.Build.0 = Release|Any CPU
		{4DE6286F-45A1-498B-92A7-307974FF2FB2}.Release|Windows-ARM.ActiveCfg = Release|Any CPU
		{4DE6286F-45A1-498B-92A7-307974FF2FB2}.Release|Windows-ARM.Build.0 = Release|Any CPU
		{4DE6286F-45A1-498B-92A7-307974FF2FB2}.Release|Windows-x64.ActiveCfg = Release|Any CPU
		{4DE6286F-45A1-498B-92A7-307974FF2FB2}.Release|Windows-x64.Build.0 = Release|Any CPU
		{4DE6286F-45A1-498B-92A7-307974FF2FB2}.Release|Windows-x86.ActiveCfg = Release|Any CPU
		{4DE6286F-45A1-498B-92A7-307974FF2FB2}.Release|Windows-x86.Build.0 = Release|Any CPU
	EndGlobalSection
	GlobalSection(SolutionProperties) = preSolution
		HideSolutionNode = FALSE
	EndGlobalSection
EndGlobal
