
Microsoft Visual Studio Solution File, Format Version 12.00
# Visual Studio 2013
VisualStudioVersion = 12.0.31101.0
MinimumVisualStudioVersion = 10.0.40219.1
Project("{FAE04EC0-301F-11D3-BF4B-00C04F79EFBC}") = "Shogun", "Shogun\Shogun.csproj", "{ACD87333-4B4B-4873-A2D8-C31BBC21AD64}"
EndProject
Project("{FAE04EC0-301F-11D3-BF4B-00C04F79EFBC}") = "Shogun.Tests", "Shogun.Tests\Shogun.Tests.csproj", "{3917D424-6392-4A10-BA3E-D92FCF919011}"
EndProject
Project("{2150E333-8FDC-42A3-9474-1A3956D46DE8}") = "PublishScripts", "PublishScripts", "{139E3AE4-81EC-4BA4-A1EC-0A17ED0A52B8}"
	ProjectSection(SolutionItems) = preProject
		PublishScripts\AzureWebsitePublishModule.psm1 = PublishScripts\AzureWebsitePublishModule.psm1
		PublishScripts\Publish-WebApplicationWebsite.ps1 = PublishScripts\Publish-WebApplicationWebsite.ps1
	EndProjectSection
EndProject
Project("{2150E333-8FDC-42A3-9474-1A3956D46DE8}") = "Configurations", "Configurations", "{F8647703-89F4-455F-AAD1-3B9FE8B4D361}"
	ProjectSection(SolutionItems) = preProject
		PublishScripts\Configurations\CRMFactory-WAWS-dev.json = PublishScripts\Configurations\CRMFactory-WAWS-dev.json
		PublishScripts\Configurations\ModelFactory-WAWS-dev.json = PublishScripts\Configurations\ModelFactory-WAWS-dev.json
		PublishScripts\Configurations\ProductFactory-WAWS-dev.json = PublishScripts\Configurations\ProductFactory-WAWS-dev.json
		PublishScripts\Configurations\Shogun-WAWS-dev.json = PublishScripts\Configurations\Shogun-WAWS-dev.json
	EndProjectSection
EndProject
Project("{2150E333-8FDC-42A3-9474-1A3956D46DE8}") = ".nuget", ".nuget", "{7D7E12C5-BD48-4F0F-94B5-B0933E42B43C}"
	ProjectSection(SolutionItems) = preProject
		.nuget\packages.config = .nuget\packages.config
	EndProjectSection
EndProject
Project("{FAE04EC0-301F-11D3-BF4B-00C04F79EFBC}") = "Repository", "Repository\Repository.csproj", "{7F6C44BE-68B5-4C08-A1F5-66FD28D0CA5F}"
EndProject
Project("{FAE04EC0-301F-11D3-BF4B-00C04F79EFBC}") = "ProductFactory", "ProductFactory\ProductFactory.csproj", "{4DE6286F-45A1-498B-92A7-307974FF2FB2}"
EndProject
Project("{FAE04EC0-301F-11D3-BF4B-00C04F79EFBC}") = "ProductFactory.Tests", "ProductFactory.Tests\ProductFactory.Tests.csproj", "{CAB8B6F6-19E9-4DCF-B666-2E7BF5A20AD2}"
EndProject
Project("{FAE04EC0-301F-11D3-BF4B-00C04F79EFBC}") = "CRMFactory", "CRMFactory\CRMFactory.csproj", "{0B458936-AE10-42E4-9201-8EA5A372490F}"
EndProject
Project("{FAE04EC0-301F-11D3-BF4B-00C04F79EFBC}") = "CRMFactory.Tests", "CRMFactory.Tests\CRMFactory.Tests.csproj", "{1B833502-5D20-4924-9BED-8C8ADC4DE26C}"
EndProject
Project("{262852C6-CD72-467D-83FE-5EEB1973A190}") = "BarcodeReader", "BarcodeReader\BarcodeReader.jsproj", "{1A177D03-A122-4EFA-98D5-391E8C07578F}"
EndProject
Global
	GlobalSection(SolutionConfigurationPlatforms) = preSolution
		Debug|Android = Debug|Android
		Debug|Any CPU = Debug|Any CPU
		Debug|iOS = Debug|iOS
		Debug|Mixed Platforms = Debug|Mixed Platforms
		Debug|Windows Phone (Universal) = Debug|Windows Phone (Universal)
		Debug|Windows Phone 8 = Debug|Windows Phone 8
		Debug|Windows-AnyCPU = Debug|Windows-AnyCPU
		Debug|Windows-ARM = Debug|Windows-ARM
		Debug|Windows-x64 = Debug|Windows-x64
		Debug|Windows-x86 = Debug|Windows-x86
		Distribution|Android = Distribution|Android
		Distribution|Any CPU = Distribution|Any CPU
		Distribution|iOS = Distribution|iOS
		Distribution|Mixed Platforms = Distribution|Mixed Platforms
		Distribution|Windows Phone (Universal) = Distribution|Windows Phone (Universal)
		Distribution|Windows Phone 8 = Distribution|Windows Phone 8
		Distribution|Windows-AnyCPU = Distribution|Windows-AnyCPU
		Distribution|Windows-ARM = Distribution|Windows-ARM
		Distribution|Windows-x64 = Distribution|Windows-x64
		Distribution|Windows-x86 = Distribution|Windows-x86
		Release|Android = Release|Android
		Release|Any CPU = Release|Any CPU
		Release|iOS = Release|iOS
		Release|Mixed Platforms = Release|Mixed Platforms
		Release|Windows Phone (Universal) = Release|Windows Phone (Universal)
		Release|Windows Phone 8 = Release|Windows Phone 8
		Release|Windows-AnyCPU = Release|Windows-AnyCPU
		Release|Windows-ARM = Release|Windows-ARM
		Release|Windows-x64 = Release|Windows-x64
		Release|Windows-x86 = Release|Windows-x86
	EndGlobalSection
	GlobalSection(ProjectConfigurationPlatforms) = postSolution
		{ACD87333-4B4B-4873-A2D8-C31BBC21AD64}.Debug|Android.ActiveCfg = Debug|Any CPU
		{ACD87333-4B4B-4873-A2D8-C31BBC21AD64}.Debug|Any CPU.ActiveCfg = Debug|Any CPU
		{ACD87333-4B4B-4873-A2D8-C31BBC21AD64}.Debug|Any CPU.Build.0 = Debug|Any CPU
		{ACD87333-4B4B-4873-A2D8-C31BBC21AD64}.Debug|iOS.ActiveCfg = Debug|Any CPU
		{ACD87333-4B4B-4873-A2D8-C31BBC21AD64}.Debug|Mixed Platforms.ActiveCfg = Debug|Any CPU
		{ACD87333-4B4B-4873-A2D8-C31BBC21AD64}.Debug|Mixed Platforms.Build.0 = Debug|Any CPU
		{ACD87333-4B4B-4873-A2D8-C31BBC21AD64}.Debug|Windows Phone (Universal).ActiveCfg = Debug|Any CPU
		{ACD87333-4B4B-4873-A2D8-C31BBC21AD64}.Debug|Windows Phone 8.ActiveCfg = Debug|Any CPU
		{ACD87333-4B4B-4873-A2D8-C31BBC21AD64}.Debug|Windows-AnyCPU.ActiveCfg = Debug|Any CPU
		{ACD87333-4B4B-4873-A2D8-C31BBC21AD64}.Debug|Windows-ARM.ActiveCfg = Debug|Any CPU
		{ACD87333-4B4B-4873-A2D8-C31BBC21AD64}.Debug|Windows-x64.ActiveCfg = Debug|Any CPU
		{ACD87333-4B4B-4873-A2D8-C31BBC21AD64}.Debug|Windows-x86.ActiveCfg = Debug|Any CPU
		{ACD87333-4B4B-4873-A2D8-C31BBC21AD64}.Distribution|Android.ActiveCfg = Debug|Any CPU
		{ACD87333-4B4B-4873-A2D8-C31BBC21AD64}.Distribution|Any CPU.ActiveCfg = Debug|Any CPU
		{ACD87333-4B4B-4873-A2D8-C31BBC21AD64}.Distribution|Any CPU.Build.0 = Debug|Any CPU
		{ACD87333-4B4B-4873-A2D8-C31BBC21AD64}.Distribution|iOS.ActiveCfg = Debug|Any CPU
		{ACD87333-4B4B-4873-A2D8-C31BBC21AD64}.Distribution|Mixed Platforms.ActiveCfg = Debug|Any CPU
		{ACD87333-4B4B-4873-A2D8-C31BBC21AD64}.Distribution|Mixed Platforms.Build.0 = Debug|Any CPU
		{ACD87333-4B4B-4873-A2D8-C31BBC21AD64}.Distribution|Windows Phone (Universal).ActiveCfg = Debug|Any CPU
		{ACD87333-4B4B-4873-A2D8-C31BBC21AD64}.Distribution|Windows Phone 8.ActiveCfg = Debug|Any CPU
		{ACD87333-4B4B-4873-A2D8-C31BBC21AD64}.Distribution|Windows-AnyCPU.ActiveCfg = Debug|Any CPU
		{ACD87333-4B4B-4873-A2D8-C31BBC21AD64}.Distribution|Windows-ARM.ActiveCfg = Debug|Any CPU
		{ACD87333-4B4B-4873-A2D8-C31BBC21AD64}.Distribution|Windows-x64.ActiveCfg = Debug|Any CPU
		{ACD87333-4B4B-4873-A2D8-C31BBC21AD64}.Distribution|Windows-x86.ActiveCfg = Debug|Any CPU
		{ACD87333-4B4B-4873-A2D8-C31BBC21AD64}.Release|Android.ActiveCfg = Release|Any CPU
		{ACD87333-4B4B-4873-A2D8-C31BBC21AD64}.Release|Any CPU.ActiveCfg = Release|Any CPU
		{ACD87333-4B4B-4873-A2D8-C31BBC21AD64}.Release|Any CPU.Build.0 = Release|Any CPU
		{ACD87333-4B4B-4873-A2D8-C31BBC21AD64}.Release|iOS.ActiveCfg = Release|Any CPU
		{ACD87333-4B4B-4873-A2D8-C31BBC21AD64}.Release|Mixed Platforms.ActiveCfg = Release|Any CPU
		{ACD87333-4B4B-4873-A2D8-C31BBC21AD64}.Release|Mixed Platforms.Build.0 = Release|Any CPU
		{ACD87333-4B4B-4873-A2D8-C31BBC21AD64}.Release|Windows Phone (Universal).ActiveCfg = Release|Any CPU
		{ACD87333-4B4B-4873-A2D8-C31BBC21AD64}.Release|Windows Phone 8.ActiveCfg = Release|Any CPU
		{ACD87333-4B4B-4873-A2D8-C31BBC21AD64}.Release|Windows-AnyCPU.ActiveCfg = Release|Any CPU
		{ACD87333-4B4B-4873-A2D8-C31BBC21AD64}.Release|Windows-ARM.ActiveCfg = Release|Any CPU
		{ACD87333-4B4B-4873-A2D8-C31BBC21AD64}.Release|Windows-x64.ActiveCfg = Release|Any CPU
		{ACD87333-4B4B-4873-A2D8-C31BBC21AD64}.Release|Windows-x86.ActiveCfg = Release|Any CPU
		{3917D424-6392-4A10-BA3E-D92FCF919011}.Debug|Android.ActiveCfg = Debug|Any CPU
		{3917D424-6392-4A10-BA3E-D92FCF919011}.Debug|Any CPU.ActiveCfg = Debug|Any CPU
		{3917D424-6392-4A10-BA3E-D92FCF919011}.Debug|Any CPU.Build.0 = Debug|Any CPU
		{3917D424-6392-4A10-BA3E-D92FCF919011}.Debug|iOS.ActiveCfg = Debug|Any CPU
		{3917D424-6392-4A10-BA3E-D92FCF919011}.Debug|Mixed Platforms.ActiveCfg = Debug|Any CPU
		{3917D424-6392-4A10-BA3E-D92FCF919011}.Debug|Mixed Platforms.Build.0 = Debug|Any CPU
		{3917D424-6392-4A10-BA3E-D92FCF919011}.Debug|Windows Phone (Universal).ActiveCfg = Debug|Any CPU
		{3917D424-6392-4A10-BA3E-D92FCF919011}.Debug|Windows Phone 8.ActiveCfg = Debug|Any CPU
		{3917D424-6392-4A10-BA3E-D92FCF919011}.Debug|Windows-AnyCPU.ActiveCfg = Debug|Any CPU
		{3917D424-6392-4A10-BA3E-D92FCF919011}.Debug|Windows-ARM.ActiveCfg = Debug|Any CPU
		{3917D424-6392-4A10-BA3E-D92FCF919011}.Debug|Windows-x64.ActiveCfg = Debug|Any CPU
		{3917D424-6392-4A10-BA3E-D92FCF919011}.Debug|Windows-x86.ActiveCfg = Debug|Any CPU
		{3917D424-6392-4A10-BA3E-D92FCF919011}.Distribution|Android.ActiveCfg = Debug|Any CPU
		{3917D424-6392-4A10-BA3E-D92FCF919011}.Distribution|Any CPU.ActiveCfg = Debug|Any CPU
		{3917D424-6392-4A10-BA3E-D92FCF919011}.Distribution|Any CPU.Build.0 = Debug|Any CPU
		{3917D424-6392-4A10-BA3E-D92FCF919011}.Distribution|iOS.ActiveCfg = Debug|Any CPU
		{3917D424-6392-4A10-BA3E-D92FCF919011}.Distribution|Mixed Platforms.ActiveCfg = Debug|Any CPU
		{3917D424-6392-4A10-BA3E-D92FCF919011}.Distribution|Mixed Platforms.Build.0 = Debug|Any CPU
		{3917D424-6392-4A10-BA3E-D92FCF919011}.Distribution|Windows Phone (Universal).ActiveCfg = Debug|Any CPU
		{3917D424-6392-4A10-BA3E-D92FCF919011}.Distribution|Windows Phone 8.ActiveCfg = Debug|Any CPU
		{3917D424-6392-4A10-BA3E-D92FCF919011}.Distribution|Windows-AnyCPU.ActiveCfg = Debug|Any CPU
		{3917D424-6392-4A10-BA3E-D92FCF919011}.Distribution|Windows-ARM.ActiveCfg = Debug|Any CPU
		{3917D424-6392-4A10-BA3E-D92FCF919011}.Distribution|Windows-x64.ActiveCfg = Debug|Any CPU
		{3917D424-6392-4A10-BA3E-D92FCF919011}.Distribution|Windows-x86.ActiveCfg = Debug|Any CPU
		{3917D424-6392-4A10-BA3E-D92FCF919011}.Release|Android.ActiveCfg = Release|Any CPU
		{3917D424-6392-4A10-BA3E-D92FCF919011}.Release|Any CPU.ActiveCfg = Release|Any CPU
		{3917D424-6392-4A10-BA3E-D92FCF919011}.Release|Any CPU.Build.0 = Release|Any CPU
		{3917D424-6392-4A10-BA3E-D92FCF919011}.Release|iOS.ActiveCfg = Release|Any CPU
		{3917D424-6392-4A10-BA3E-D92FCF919011}.Release|Mixed Platforms.ActiveCfg = Release|Any CPU
		{3917D424-6392-4A10-BA3E-D92FCF919011}.Release|Mixed Platforms.Build.0 = Release|Any CPU
		{3917D424-6392-4A10-BA3E-D92FCF919011}.Release|Windows Phone (Universal).ActiveCfg = Release|Any CPU
		{3917D424-6392-4A10-BA3E-D92FCF919011}.Release|Windows Phone 8.ActiveCfg = Release|Any CPU
		{3917D424-6392-4A10-BA3E-D92FCF919011}.Release|Windows-AnyCPU.ActiveCfg = Release|Any CPU
		{3917D424-6392-4A10-BA3E-D92FCF919011}.Release|Windows-ARM.ActiveCfg = Release|Any CPU
		{3917D424-6392-4A10-BA3E-D92FCF919011}.Release|Windows-x64.ActiveCfg = Release|Any CPU
		{3917D424-6392-4A10-BA3E-D92FCF919011}.Release|Windows-x86.ActiveCfg = Release|Any CPU
		{7F6C44BE-68B5-4C08-A1F5-66FD28D0CA5F}.Debug|Android.ActiveCfg = Debug|Any CPU
		{7F6C44BE-68B5-4C08-A1F5-66FD28D0CA5F}.Debug|Any CPU.ActiveCfg = Debug|Any CPU
		{7F6C44BE-68B5-4C08-A1F5-66FD28D0CA5F}.Debug|Any CPU.Build.0 = Debug|Any CPU
		{7F6C44BE-68B5-4C08-A1F5-66FD28D0CA5F}.Debug|iOS.ActiveCfg = Debug|Any CPU
		{7F6C44BE-68B5-4C08-A1F5-66FD28D0CA5F}.Debug|Mixed Platforms.ActiveCfg = Debug|Any CPU
		{7F6C44BE-68B5-4C08-A1F5-66FD28D0CA5F}.Debug|Mixed Platforms.Build.0 = Debug|Any CPU
		{7F6C44BE-68B5-4C08-A1F5-66FD28D0CA5F}.Debug|Windows Phone (Universal).ActiveCfg = Debug|Any CPU
		{7F6C44BE-68B5-4C08-A1F5-66FD28D0CA5F}.Debug|Windows Phone 8.ActiveCfg = Debug|Any CPU
		{7F6C44BE-68B5-4C08-A1F5-66FD28D0CA5F}.Debug|Windows-AnyCPU.ActiveCfg = Debug|Any CPU
		{7F6C44BE-68B5-4C08-A1F5-66FD28D0CA5F}.Debug|Windows-ARM.ActiveCfg = Debug|Any CPU
		{7F6C44BE-68B5-4C08-A1F5-66FD28D0CA5F}.Debug|Windows-x64.ActiveCfg = Debug|Any CPU
		{7F6C44BE-68B5-4C08-A1F5-66FD28D0CA5F}.Debug|Windows-x86.ActiveCfg = Debug|Any CPU
		{7F6C44BE-68B5-4C08-A1F5-66FD28D0CA5F}.Distribution|Android.ActiveCfg = Debug|Any CPU
		{7F6C44BE-68B5-4C08-A1F5-66FD28D0CA5F}.Distribution|Any CPU.ActiveCfg = Debug|Any CPU
		{7F6C44BE-68B5-4C08-A1F5-66FD28D0CA5F}.Distribution|Any CPU.Build.0 = Debug|Any CPU
		{7F6C44BE-68B5-4C08-A1F5-66FD28D0CA5F}.Distribution|iOS.ActiveCfg = Debug|Any CPU
		{7F6C44BE-68B5-4C08-A1F5-66FD28D0CA5F}.Distribution|Mixed Platforms.ActiveCfg = Debug|Any CPU
		{7F6C44BE-68B5-4C08-A1F5-66FD28D0CA5F}.Distribution|Mixed Platforms.Build.0 = Debug|Any CPU
		{7F6C44BE-68B5-4C08-A1F5-66FD28D0CA5F}.Distribution|Windows Phone (Universal).ActiveCfg = Debug|Any CPU
		{7F6C44BE-68B5-4C08-A1F5-66FD28D0CA5F}.Distribution|Windows Phone 8.ActiveCfg = Debug|Any CPU
		{7F6C44BE-68B5-4C08-A1F5-66FD28D0CA5F}.Distribution|Windows-AnyCPU.ActiveCfg = Debug|Any CPU
		{7F6C44BE-68B5-4C08-A1F5-66FD28D0CA5F}.Distribution|Windows-ARM.ActiveCfg = Debug|Any CPU
		{7F6C44BE-68B5-4C08-A1F5-66FD28D0CA5F}.Distribution|Windows-x64.ActiveCfg = Debug|Any CPU
		{7F6C44BE-68B5-4C08-A1F5-66FD28D0CA5F}.Distribution|Windows-x86.ActiveCfg = Debug|Any CPU
		{7F6C44BE-68B5-4C08-A1F5-66FD28D0CA5F}.Release|Android.ActiveCfg = Release|Any CPU
		{7F6C44BE-68B5-4C08-A1F5-66FD28D0CA5F}.Release|Any CPU.ActiveCfg = Release|Any CPU
		{7F6C44BE-68B5-4C08-A1F5-66FD28D0CA5F}.Release|Any CPU.Build.0 = Release|Any CPU
		{7F6C44BE-68B5-4C08-A1F5-66FD28D0CA5F}.Release|iOS.ActiveCfg = Release|Any CPU
		{7F6C44BE-68B5-4C08-A1F5-66FD28D0CA5F}.Release|Mixed Platforms.ActiveCfg = Release|Any CPU
		{7F6C44BE-68B5-4C08-A1F5-66FD28D0CA5F}.Release|Mixed Platforms.Build.0 = Release|Any CPU
		{7F6C44BE-68B5-4C08-A1F5-66FD28D0CA5F}.Release|Windows Phone (Universal).ActiveCfg = Release|Any CPU
		{7F6C44BE-68B5-4C08-A1F5-66FD28D0CA5F}.Release|Windows Phone 8.ActiveCfg = Release|Any CPU
		{7F6C44BE-68B5-4C08-A1F5-66FD28D0CA5F}.Release|Windows-AnyCPU.ActiveCfg = Release|Any CPU
		{7F6C44BE-68B5-4C08-A1F5-66FD28D0CA5F}.Release|Windows-ARM.ActiveCfg = Release|Any CPU
		{7F6C44BE-68B5-4C08-A1F5-66FD28D0CA5F}.Release|Windows-x64.ActiveCfg = Release|Any CPU
		{7F6C44BE-68B5-4C08-A1F5-66FD28D0CA5F}.Release|Windows-x86.ActiveCfg = Release|Any CPU
		{4DE6286F-45A1-498B-92A7-307974FF2FB2}.Debug|Android.ActiveCfg = Debug|Any CPU
		{4DE6286F-45A1-498B-92A7-307974FF2FB2}.Debug|Any CPU.ActiveCfg = Debug|Any CPU
		{4DE6286F-45A1-498B-92A7-307974FF2FB2}.Debug|Any CPU.Build.0 = Debug|Any CPU
		{4DE6286F-45A1-498B-92A7-307974FF2FB2}.Debug|iOS.ActiveCfg = Debug|Any CPU
		{4DE6286F-45A1-498B-92A7-307974FF2FB2}.Debug|Mixed Platforms.ActiveCfg = Debug|Any CPU
		{4DE6286F-45A1-498B-92A7-307974FF2FB2}.Debug|Mixed Platforms.Build.0 = Debug|Any CPU
		{4DE6286F-45A1-498B-92A7-307974FF2FB2}.Debug|Windows Phone (Universal).ActiveCfg = Debug|Any CPU
		{4DE6286F-45A1-498B-92A7-307974FF2FB2}.Debug|Windows Phone 8.ActiveCfg = Debug|Any CPU
		{4DE6286F-45A1-498B-92A7-307974FF2FB2}.Debug|Windows-AnyCPU.ActiveCfg = Debug|Any CPU
		{4DE6286F-45A1-498B-92A7-307974FF2FB2}.Debug|Windows-ARM.ActiveCfg = Debug|Any CPU
		{4DE6286F-45A1-498B-92A7-307974FF2FB2}.Debug|Windows-x64.ActiveCfg = Debug|Any CPU
		{4DE6286F-45A1-498B-92A7-307974FF2FB2}.Debug|Windows-x86.ActiveCfg = Debug|Any CPU
		{4DE6286F-45A1-498B-92A7-307974FF2FB2}.Distribution|Android.ActiveCfg = Debug|Any CPU
		{4DE6286F-45A1-498B-92A7-307974FF2FB2}.Distribution|Any CPU.ActiveCfg = Debug|Any CPU
		{4DE6286F-45A1-498B-92A7-307974FF2FB2}.Distribution|Any CPU.Build.0 = Debug|Any CPU
		{4DE6286F-45A1-498B-92A7-307974FF2FB2}.Distribution|iOS.ActiveCfg = Debug|Any CPU
		{4DE6286F-45A1-498B-92A7-307974FF2FB2}.Distribution|Mixed Platforms.ActiveCfg = Debug|Any CPU
		{4DE6286F-45A1-498B-92A7-307974FF2FB2}.Distribution|Mixed Platforms.Build.0 = Debug|Any CPU
		{4DE6286F-45A1-498B-92A7-307974FF2FB2}.Distribution|Windows Phone (Universal).ActiveCfg = Debug|Any CPU
		{4DE6286F-45A1-498B-92A7-307974FF2FB2}.Distribution|Windows Phone 8.ActiveCfg = Debug|Any CPU
		{4DE6286F-45A1-498B-92A7-307974FF2FB2}.Distribution|Windows-AnyCPU.ActiveCfg = Debug|Any CPU
		{4DE6286F-45A1-498B-92A7-307974FF2FB2}.Distribution|Windows-ARM.ActiveCfg = Debug|Any CPU
		{4DE6286F-45A1-498B-92A7-307974FF2FB2}.Distribution|Windows-x64.ActiveCfg = Debug|Any CPU
		{4DE6286F-45A1-498B-92A7-307974FF2FB2}.Distribution|Windows-x86.ActiveCfg = Debug|Any CPU
		{4DE6286F-45A1-498B-92A7-307974FF2FB2}.Release|Android.ActiveCfg = Release|Any CPU
		{4DE6286F-45A1-498B-92A7-307974FF2FB2}.Release|Any CPU.ActiveCfg = Release|Any CPU
		{4DE6286F-45A1-498B-92A7-307974FF2FB2}.Release|Any CPU.Build.0 = Release|Any CPU
		{4DE6286F-45A1-498B-92A7-307974FF2FB2}.Release|iOS.ActiveCfg = Release|Any CPU
		{4DE6286F-45A1-498B-92A7-307974FF2FB2}.Release|Mixed Platforms.ActiveCfg = Release|Any CPU
		{4DE6286F-45A1-498B-92A7-307974FF2FB2}.Release|Mixed Platforms.Build.0 = Release|Any CPU
		{4DE6286F-45A1-498B-92A7-307974FF2FB2}.Release|Windows Phone (Universal).ActiveCfg = Release|Any CPU
		{4DE6286F-45A1-498B-92A7-307974FF2FB2}.Release|Windows Phone 8.ActiveCfg = Release|Any CPU
		{4DE6286F-45A1-498B-92A7-307974FF2FB2}.Release|Windows-AnyCPU.ActiveCfg = Release|Any CPU
		{4DE6286F-45A1-498B-92A7-307974FF2FB2}.Release|Windows-ARM.ActiveCfg = Release|Any CPU
		{4DE6286F-45A1-498B-92A7-307974FF2FB2}.Release|Windows-x64.ActiveCfg = Release|Any CPU
		{4DE6286F-45A1-498B-92A7-307974FF2FB2}.Release|Windows-x86.ActiveCfg = Release|Any CPU
		{CAB8B6F6-19E9-4DCF-B666-2E7BF5A20AD2}.Debug|Android.ActiveCfg = Debug|Any CPU
		{CAB8B6F6-19E9-4DCF-B666-2E7BF5A20AD2}.Debug|Any CPU.ActiveCfg = Debug|Any CPU
		{CAB8B6F6-19E9-4DCF-B666-2E7BF5A20AD2}.Debug|Any CPU.Build.0 = Debug|Any CPU
		{CAB8B6F6-19E9-4DCF-B666-2E7BF5A20AD2}.Debug|iOS.ActiveCfg = Debug|Any CPU
		{CAB8B6F6-19E9-4DCF-B666-2E7BF5A20AD2}.Debug|Mixed Platforms.ActiveCfg = Debug|Any CPU
		{CAB8B6F6-19E9-4DCF-B666-2E7BF5A20AD2}.Debug|Mixed Platforms.Build.0 = Debug|Any CPU
		{CAB8B6F6-19E9-4DCF-B666-2E7BF5A20AD2}.Debug|Windows Phone (Universal).ActiveCfg = Debug|Any CPU
		{CAB8B6F6-19E9-4DCF-B666-2E7BF5A20AD2}.Debug|Windows Phone 8.ActiveCfg = Debug|Any CPU
		{CAB8B6F6-19E9-4DCF-B666-2E7BF5A20AD2}.Debug|Windows-AnyCPU.ActiveCfg = Debug|Any CPU
		{CAB8B6F6-19E9-4DCF-B666-2E7BF5A20AD2}.Debug|Windows-ARM.ActiveCfg = Debug|Any CPU
		{CAB8B6F6-19E9-4DCF-B666-2E7BF5A20AD2}.Debug|Windows-x64.ActiveCfg = Debug|Any CPU
		{CAB8B6F6-19E9-4DCF-B666-2E7BF5A20AD2}.Debug|Windows-x86.ActiveCfg = Debug|Any CPU
		{CAB8B6F6-19E9-4DCF-B666-2E7BF5A20AD2}.Distribution|Android.ActiveCfg = Debug|Any CPU
		{CAB8B6F6-19E9-4DCF-B666-2E7BF5A20AD2}.Distribution|Any CPU.ActiveCfg = Debug|Any CPU
		{CAB8B6F6-19E9-4DCF-B666-2E7BF5A20AD2}.Distribution|Any CPU.Build.0 = Debug|Any CPU
		{CAB8B6F6-19E9-4DCF-B666-2E7BF5A20AD2}.Distribution|iOS.ActiveCfg = Debug|Any CPU
		{CAB8B6F6-19E9-4DCF-B666-2E7BF5A20AD2}.Distribution|Mixed Platforms.ActiveCfg = Debug|Any CPU
		{CAB8B6F6-19E9-4DCF-B666-2E7BF5A20AD2}.Distribution|Mixed Platforms.Build.0 = Debug|Any CPU
		{CAB8B6F6-19E9-4DCF-B666-2E7BF5A20AD2}.Distribution|Windows Phone (Universal).ActiveCfg = Debug|Any CPU
		{CAB8B6F6-19E9-4DCF-B666-2E7BF5A20AD2}.Distribution|Windows Phone 8.ActiveCfg = Debug|Any CPU
		{CAB8B6F6-19E9-4DCF-B666-2E7BF5A20AD2}.Distribution|Windows-AnyCPU.ActiveCfg = Debug|Any CPU
		{CAB8B6F6-19E9-4DCF-B666-2E7BF5A20AD2}.Distribution|Windows-ARM.ActiveCfg = Debug|Any CPU
		{CAB8B6F6-19E9-4DCF-B666-2E7BF5A20AD2}.Distribution|Windows-x64.ActiveCfg = Debug|Any CPU
		{CAB8B6F6-19E9-4DCF-B666-2E7BF5A20AD2}.Distribution|Windows-x86.ActiveCfg = Debug|Any CPU
		{CAB8B6F6-19E9-4DCF-B666-2E7BF5A20AD2}.Release|Android.ActiveCfg = Release|Any CPU
		{CAB8B6F6-19E9-4DCF-B666-2E7BF5A20AD2}.Release|Any CPU.ActiveCfg = Release|Any CPU
		{CAB8B6F6-19E9-4DCF-B666-2E7BF5A20AD2}.Release|Any CPU.Build.0 = Release|Any CPU
		{CAB8B6F6-19E9-4DCF-B666-2E7BF5A20AD2}.Release|iOS.ActiveCfg = Release|Any CPU
		{CAB8B6F6-19E9-4DCF-B666-2E7BF5A20AD2}.Release|Mixed Platforms.ActiveCfg = Release|Any CPU
		{CAB8B6F6-19E9-4DCF-B666-2E7BF5A20AD2}.Release|Mixed Platforms.Build.0 = Release|Any CPU
		{CAB8B6F6-19E9-4DCF-B666-2E7BF5A20AD2}.Release|Windows Phone (Universal).ActiveCfg = Release|Any CPU
		{CAB8B6F6-19E9-4DCF-B666-2E7BF5A20AD2}.Release|Windows Phone 8.ActiveCfg = Release|Any CPU
		{CAB8B6F6-19E9-4DCF-B666-2E7BF5A20AD2}.Release|Windows-AnyCPU.ActiveCfg = Release|Any CPU
		{CAB8B6F6-19E9-4DCF-B666-2E7BF5A20AD2}.Release|Windows-ARM.ActiveCfg = Release|Any CPU
		{CAB8B6F6-19E9-4DCF-B666-2E7BF5A20AD2}.Release|Windows-x64.ActiveCfg = Release|Any CPU
		{CAB8B6F6-19E9-4DCF-B666-2E7BF5A20AD2}.Release|Windows-x86.ActiveCfg = Release|Any CPU
		{0B458936-AE10-42E4-9201-8EA5A372490F}.Debug|Android.ActiveCfg = Debug|Any CPU
		{0B458936-AE10-42E4-9201-8EA5A372490F}.Debug|Any CPU.ActiveCfg = Debug|Any CPU
		{0B458936-AE10-42E4-9201-8EA5A372490F}.Debug|Any CPU.Build.0 = Debug|Any CPU
		{0B458936-AE10-42E4-9201-8EA5A372490F}.Debug|iOS.ActiveCfg = Debug|Any CPU
		{0B458936-AE10-42E4-9201-8EA5A372490F}.Debug|Mixed Platforms.ActiveCfg = Debug|Any CPU
		{0B458936-AE10-42E4-9201-8EA5A372490F}.Debug|Mixed Platforms.Build.0 = Debug|Any CPU
		{0B458936-AE10-42E4-9201-8EA5A372490F}.Debug|Windows Phone (Universal).ActiveCfg = Debug|Any CPU
		{0B458936-AE10-42E4-9201-8EA5A372490F}.Debug|Windows Phone 8.ActiveCfg = Debug|Any CPU
		{0B458936-AE10-42E4-9201-8EA5A372490F}.Debug|Windows-AnyCPU.ActiveCfg = Debug|Any CPU
		{0B458936-AE10-42E4-9201-8EA5A372490F}.Debug|Windows-ARM.ActiveCfg = Debug|Any CPU
		{0B458936-AE10-42E4-9201-8EA5A372490F}.Debug|Windows-x64.ActiveCfg = Debug|Any CPU
		{0B458936-AE10-42E4-9201-8EA5A372490F}.Debug|Windows-x86.ActiveCfg = Debug|Any CPU
		{0B458936-AE10-42E4-9201-8EA5A372490F}.Distribution|Android.ActiveCfg = Debug|Any CPU
		{0B458936-AE10-42E4-9201-8EA5A372490F}.Distribution|Any CPU.ActiveCfg = Debug|Any CPU
		{0B458936-AE10-42E4-9201-8EA5A372490F}.Distribution|Any CPU.Build.0 = Debug|Any CPU
		{0B458936-AE10-42E4-9201-8EA5A372490F}.Distribution|iOS.ActiveCfg = Debug|Any CPU
		{0B458936-AE10-42E4-9201-8EA5A372490F}.Distribution|Mixed Platforms.ActiveCfg = Debug|Any CPU
		{0B458936-AE10-42E4-9201-8EA5A372490F}.Distribution|Mixed Platforms.Build.0 = Debug|Any CPU
		{0B458936-AE10-42E4-9201-8EA5A372490F}.Distribution|Windows Phone (Universal).ActiveCfg = Debug|Any CPU
		{0B458936-AE10-42E4-9201-8EA5A372490F}.Distribution|Windows Phone 8.ActiveCfg = Debug|Any CPU
		{0B458936-AE10-42E4-9201-8EA5A372490F}.Distribution|Windows-AnyCPU.ActiveCfg = Debug|Any CPU
		{0B458936-AE10-42E4-9201-8EA5A372490F}.Distribution|Windows-ARM.ActiveCfg = Debug|Any CPU
		{0B458936-AE10-42E4-9201-8EA5A372490F}.Distribution|Windows-x64.ActiveCfg = Debug|Any CPU
		{0B458936-AE10-42E4-9201-8EA5A372490F}.Distribution|Windows-x86.ActiveCfg = Debug|Any CPU
		{0B458936-AE10-42E4-9201-8EA5A372490F}.Release|Android.ActiveCfg = Release|Any CPU
		{0B458936-AE10-42E4-9201-8EA5A372490F}.Release|Any CPU.ActiveCfg = Release|Any CPU
		{0B458936-AE10-42E4-9201-8EA5A372490F}.Release|Any CPU.Build.0 = Release|Any CPU
		{0B458936-AE10-42E4-9201-8EA5A372490F}.Release|iOS.ActiveCfg = Release|Any CPU
		{0B458936-AE10-42E4-9201-8EA5A372490F}.Release|Mixed Platforms.ActiveCfg = Release|Any CPU
		{0B458936-AE10-42E4-9201-8EA5A372490F}.Release|Mixed Platforms.Build.0 = Release|Any CPU
		{0B458936-AE10-42E4-9201-8EA5A372490F}.Release|Windows Phone (Universal).ActiveCfg = Release|Any CPU
		{0B458936-AE10-42E4-9201-8EA5A372490F}.Release|Windows Phone 8.ActiveCfg = Release|Any CPU
		{0B458936-AE10-42E4-9201-8EA5A372490F}.Release|Windows-AnyCPU.ActiveCfg = Release|Any CPU
		{0B458936-AE10-42E4-9201-8EA5A372490F}.Release|Windows-ARM.ActiveCfg = Release|Any CPU
		{0B458936-AE10-42E4-9201-8EA5A372490F}.Release|Windows-x64.ActiveCfg = Release|Any CPU
		{0B458936-AE10-42E4-9201-8EA5A372490F}.Release|Windows-x86.ActiveCfg = Release|Any CPU
		{1B833502-5D20-4924-9BED-8C8ADC4DE26C}.Debug|Android.ActiveCfg = Debug|Any CPU
		{1B833502-5D20-4924-9BED-8C8ADC4DE26C}.Debug|Any CPU.ActiveCfg = Debug|Any CPU
		{1B833502-5D20-4924-9BED-8C8ADC4DE26C}.Debug|Any CPU.Build.0 = Debug|Any CPU
		{1B833502-5D20-4924-9BED-8C8ADC4DE26C}.Debug|iOS.ActiveCfg = Debug|Any CPU
		{1B833502-5D20-4924-9BED-8C8ADC4DE26C}.Debug|Mixed Platforms.ActiveCfg = Debug|Any CPU
		{1B833502-5D20-4924-9BED-8C8ADC4DE26C}.Debug|Mixed Platforms.Build.0 = Debug|Any CPU
		{1B833502-5D20-4924-9BED-8C8ADC4DE26C}.Debug|Windows Phone (Universal).ActiveCfg = Debug|Any CPU
		{1B833502-5D20-4924-9BED-8C8ADC4DE26C}.Debug|Windows Phone 8.ActiveCfg = Debug|Any CPU
		{1B833502-5D20-4924-9BED-8C8ADC4DE26C}.Debug|Windows-AnyCPU.ActiveCfg = Debug|Any CPU
		{1B833502-5D20-4924-9BED-8C8ADC4DE26C}.Debug|Windows-ARM.ActiveCfg = Debug|Any CPU
		{1B833502-5D20-4924-9BED-8C8ADC4DE26C}.Debug|Windows-x64.ActiveCfg = Debug|Any CPU
		{1B833502-5D20-4924-9BED-8C8ADC4DE26C}.Debug|Windows-x86.ActiveCfg = Debug|Any CPU
		{1B833502-5D20-4924-9BED-8C8ADC4DE26C}.Distribution|Android.ActiveCfg = Debug|Any CPU
		{1B833502-5D20-4924-9BED-8C8ADC4DE26C}.Distribution|Any CPU.ActiveCfg = Debug|Any CPU
		{1B833502-5D20-4924-9BED-8C8ADC4DE26C}.Distribution|Any CPU.Build.0 = Debug|Any CPU
		{1B833502-5D20-4924-9BED-8C8ADC4DE26C}.Distribution|iOS.ActiveCfg = Debug|Any CPU
		{1B833502-5D20-4924-9BED-8C8ADC4DE26C}.Distribution|Mixed Platforms.ActiveCfg = Debug|Any CPU
		{1B833502-5D20-4924-9BED-8C8ADC4DE26C}.Distribution|Mixed Platforms.Build.0 = Debug|Any CPU
		{1B833502-5D20-4924-9BED-8C8ADC4DE26C}.Distribution|Windows Phone (Universal).ActiveCfg = Debug|Any CPU
		{1B833502-5D20-4924-9BED-8C8ADC4DE26C}.Distribution|Windows Phone 8.ActiveCfg = Debug|Any CPU
		{1B833502-5D20-4924-9BED-8C8ADC4DE26C}.Distribution|Windows-AnyCPU.ActiveCfg = Debug|Any CPU
		{1B833502-5D20-4924-9BED-8C8ADC4DE26C}.Distribution|Windows-ARM.ActiveCfg = Debug|Any CPU
		{1B833502-5D20-4924-9BED-8C8ADC4DE26C}.Distribution|Windows-x64.ActiveCfg = Debug|Any CPU
		{1B833502-5D20-4924-9BED-8C8ADC4DE26C}.Distribution|Windows-x86.ActiveCfg = Debug|Any CPU
		{1B833502-5D20-4924-9BED-8C8ADC4DE26C}.Release|Android.ActiveCfg = Release|Any CPU
		{1B833502-5D20-4924-9BED-8C8ADC4DE26C}.Release|Any CPU.ActiveCfg = Release|Any CPU
		{1B833502-5D20-4924-9BED-8C8ADC4DE26C}.Release|Any CPU.Build.0 = Release|Any CPU
		{1B833502-5D20-4924-9BED-8C8ADC4DE26C}.Release|iOS.ActiveCfg = Release|Any CPU
		{1B833502-5D20-4924-9BED-8C8ADC4DE26C}.Release|Mixed Platforms.ActiveCfg = Release|Any CPU
		{1B833502-5D20-4924-9BED-8C8ADC4DE26C}.Release|Mixed Platforms.Build.0 = Release|Any CPU
		{1B833502-5D20-4924-9BED-8C8ADC4DE26C}.Release|Windows Phone (Universal).ActiveCfg = Release|Any CPU
		{1B833502-5D20-4924-9BED-8C8ADC4DE26C}.Release|Windows Phone 8.ActiveCfg = Release|Any CPU
		{1B833502-5D20-4924-9BED-8C8ADC4DE26C}.Release|Windows-AnyCPU.ActiveCfg = Release|Any CPU
		{1B833502-5D20-4924-9BED-8C8ADC4DE26C}.Release|Windows-ARM.ActiveCfg = Release|Any CPU
		{1B833502-5D20-4924-9BED-8C8ADC4DE26C}.Release|Windows-x64.ActiveCfg = Release|Any CPU
		{1B833502-5D20-4924-9BED-8C8ADC4DE26C}.Release|Windows-x86.ActiveCfg = Release|Any CPU
		{1A177D03-A122-4EFA-98D5-391E8C07578F}.Debug|Android.ActiveCfg = Debug|Android
		{1A177D03-A122-4EFA-98D5-391E8C07578F}.Debug|Android.Build.0 = Debug|Android
		{1A177D03-A122-4EFA-98D5-391E8C07578F}.Debug|Android.Deploy.0 = Debug|Android
		{1A177D03-A122-4EFA-98D5-391E8C07578F}.Debug|Any CPU.ActiveCfg = Debug|Android
		{1A177D03-A122-4EFA-98D5-391E8C07578F}.Debug|iOS.ActiveCfg = Debug|iOS
		{1A177D03-A122-4EFA-98D5-391E8C07578F}.Debug|iOS.Build.0 = Debug|iOS
		{1A177D03-A122-4EFA-98D5-391E8C07578F}.Debug|iOS.Deploy.0 = Debug|iOS
		{1A177D03-A122-4EFA-98D5-391E8C07578F}.Debug|Mixed Platforms.ActiveCfg = Debug|Android
		{1A177D03-A122-4EFA-98D5-391E8C07578F}.Debug|Mixed Platforms.Build.0 = Debug|Android
		{1A177D03-A122-4EFA-98D5-391E8C07578F}.Debug|Mixed Platforms.Deploy.0 = Debug|Android
		{1A177D03-A122-4EFA-98D5-391E8C07578F}.Debug|Windows Phone (Universal).ActiveCfg = Debug|Windows Phone (Universal)
		{1A177D03-A122-4EFA-98D5-391E8C07578F}.Debug|Windows Phone (Universal).Build.0 = Debug|Windows Phone (Universal)
		{1A177D03-A122-4EFA-98D5-391E8C07578F}.Debug|Windows Phone (Universal).Deploy.0 = Debug|Windows Phone (Universal)
		{1A177D03-A122-4EFA-98D5-391E8C07578F}.Debug|Windows Phone 8.ActiveCfg = Debug|Windows Phone 8
		{1A177D03-A122-4EFA-98D5-391E8C07578F}.Debug|Windows Phone 8.Build.0 = Debug|Windows Phone 8
		{1A177D03-A122-4EFA-98D5-391E8C07578F}.Debug|Windows Phone 8.Deploy.0 = Debug|Windows Phone 8
		{1A177D03-A122-4EFA-98D5-391E8C07578F}.Debug|Windows-AnyCPU.ActiveCfg = Debug|Windows-AnyCPU
		{1A177D03-A122-4EFA-98D5-391E8C07578F}.Debug|Windows-AnyCPU.Build.0 = Debug|Windows-AnyCPU
		{1A177D03-A122-4EFA-98D5-391E8C07578F}.Debug|Windows-AnyCPU.Deploy.0 = Debug|Windows-AnyCPU
		{1A177D03-A122-4EFA-98D5-391E8C07578F}.Debug|Windows-ARM.ActiveCfg = Debug|Windows-ARM
		{1A177D03-A122-4EFA-98D5-391E8C07578F}.Debug|Windows-ARM.Build.0 = Debug|Windows-ARM
		{1A177D03-A122-4EFA-98D5-391E8C07578F}.Debug|Windows-ARM.Deploy.0 = Debug|Windows-ARM
		{1A177D03-A122-4EFA-98D5-391E8C07578F}.Debug|Windows-x64.ActiveCfg = Debug|Windows-x64
		{1A177D03-A122-4EFA-98D5-391E8C07578F}.Debug|Windows-x64.Build.0 = Debug|Windows-x64
		{1A177D03-A122-4EFA-98D5-391E8C07578F}.Debug|Windows-x64.Deploy.0 = Debug|Windows-x64
		{1A177D03-A122-4EFA-98D5-391E8C07578F}.Debug|Windows-x86.ActiveCfg = Debug|Windows-x86
		{1A177D03-A122-4EFA-98D5-391E8C07578F}.Debug|Windows-x86.Build.0 = Debug|Windows-x86
		{1A177D03-A122-4EFA-98D5-391E8C07578F}.Debug|Windows-x86.Deploy.0 = Debug|Windows-x86
		{1A177D03-A122-4EFA-98D5-391E8C07578F}.Distribution|Android.ActiveCfg = Distribution|Android
		{1A177D03-A122-4EFA-98D5-391E8C07578F}.Distribution|Android.Build.0 = Distribution|Android
		{1A177D03-A122-4EFA-98D5-391E8C07578F}.Distribution|Android.Deploy.0 = Distribution|Android
		{1A177D03-A122-4EFA-98D5-391E8C07578F}.Distribution|Any CPU.ActiveCfg = Distribution|Android
		{1A177D03-A122-4EFA-98D5-391E8C07578F}.Distribution|iOS.ActiveCfg = Distribution|iOS
		{1A177D03-A122-4EFA-98D5-391E8C07578F}.Distribution|iOS.Build.0 = Distribution|iOS
		{1A177D03-A122-4EFA-98D5-391E8C07578F}.Distribution|iOS.Deploy.0 = Distribution|iOS
		{1A177D03-A122-4EFA-98D5-391E8C07578F}.Distribution|Mixed Platforms.ActiveCfg = Distribution|Windows Phone (Universal)
		{1A177D03-A122-4EFA-98D5-391E8C07578F}.Distribution|Mixed Platforms.Build.0 = Distribution|Windows Phone (Universal)
		{1A177D03-A122-4EFA-98D5-391E8C07578F}.Distribution|Mixed Platforms.Deploy.0 = Distribution|Windows Phone (Universal)
		{1A177D03-A122-4EFA-98D5-391E8C07578F}.Distribution|Windows Phone (Universal).ActiveCfg = Distribution|Windows Phone (Universal)
		{1A177D03-A122-4EFA-98D5-391E8C07578F}.Distribution|Windows Phone (Universal).Build.0 = Distribution|Windows Phone (Universal)
		{1A177D03-A122-4EFA-98D5-391E8C07578F}.Distribution|Windows Phone (Universal).Deploy.0 = Distribution|Windows Phone (Universal)
		{1A177D03-A122-4EFA-98D5-391E8C07578F}.Distribution|Windows Phone 8.ActiveCfg = Distribution|Windows Phone 8
		{1A177D03-A122-4EFA-98D5-391E8C07578F}.Distribution|Windows Phone 8.Build.0 = Distribution|Windows Phone 8
		{1A177D03-A122-4EFA-98D5-391E8C07578F}.Distribution|Windows Phone 8.Deploy.0 = Distribution|Windows Phone 8
		{1A177D03-A122-4EFA-98D5-391E8C07578F}.Distribution|Windows-AnyCPU.ActiveCfg = Distribution|Windows-AnyCPU
		{1A177D03-A122-4EFA-98D5-391E8C07578F}.Distribution|Windows-AnyCPU.Build.0 = Distribution|Windows-AnyCPU
		{1A177D03-A122-4EFA-98D5-391E8C07578F}.Distribution|Windows-AnyCPU.Deploy.0 = Distribution|Windows-AnyCPU
		{1A177D03-A122-4EFA-98D5-391E8C07578F}.Distribution|Windows-ARM.ActiveCfg = Distribution|Windows-ARM
		{1A177D03-A122-4EFA-98D5-391E8C07578F}.Distribution|Windows-ARM.Build.0 = Distribution|Windows-ARM
		{1A177D03-A122-4EFA-98D5-391E8C07578F}.Distribution|Windows-ARM.Deploy.0 = Distribution|Windows-ARM
		{1A177D03-A122-4EFA-98D5-391E8C07578F}.Distribution|Windows-x64.ActiveCfg = Distribution|Windows-x64
		{1A177D03-A122-4EFA-98D5-391E8C07578F}.Distribution|Windows-x64.Build.0 = Distribution|Windows-x64
		{1A177D03-A122-4EFA-98D5-391E8C07578F}.Distribution|Windows-x64.Deploy.0 = Distribution|Windows-x64
		{1A177D03-A122-4EFA-98D5-391E8C07578F}.Distribution|Windows-x86.ActiveCfg = Distribution|Windows-x86
		{1A177D03-A122-4EFA-98D5-391E8C07578F}.Distribution|Windows-x86.Build.0 = Distribution|Windows-x86
		{1A177D03-A122-4EFA-98D5-391E8C07578F}.Distribution|Windows-x86.Deploy.0 = Distribution|Windows-x86
		{1A177D03-A122-4EFA-98D5-391E8C07578F}.Release|Android.ActiveCfg = Release|Android
		{1A177D03-A122-4EFA-98D5-391E8C07578F}.Release|Android.Build.0 = Release|Android
		{1A177D03-A122-4EFA-98D5-391E8C07578F}.Release|Android.Deploy.0 = Release|Android
		{1A177D03-A122-4EFA-98D5-391E8C07578F}.Release|Any CPU.ActiveCfg = Release|Android
		{1A177D03-A122-4EFA-98D5-391E8C07578F}.Release|iOS.ActiveCfg = Release|iOS
		{1A177D03-A122-4EFA-98D5-391E8C07578F}.Release|iOS.Build.0 = Release|iOS
		{1A177D03-A122-4EFA-98D5-391E8C07578F}.Release|iOS.Deploy.0 = Release|iOS
		{1A177D03-A122-4EFA-98D5-391E8C07578F}.Release|Mixed Platforms.ActiveCfg = Release|Android
		{1A177D03-A122-4EFA-98D5-391E8C07578F}.Release|Mixed Platforms.Build.0 = Release|Android
		{1A177D03-A122-4EFA-98D5-391E8C07578F}.Release|Mixed Platforms.Deploy.0 = Release|Android
		{1A177D03-A122-4EFA-98D5-391E8C07578F}.Release|Windows Phone (Universal).ActiveCfg = Release|Windows Phone (Universal)
		{1A177D03-A122-4EFA-98D5-391E8C07578F}.Release|Windows Phone (Universal).Build.0 = Release|Windows Phone (Universal)
		{1A177D03-A122-4EFA-98D5-391E8C07578F}.Release|Windows Phone (Universal).Deploy.0 = Release|Windows Phone (Universal)
		{1A177D03-A122-4EFA-98D5-391E8C07578F}.Release|Windows Phone 8.ActiveCfg = Release|Windows Phone 8
		{1A177D03-A122-4EFA-98D5-391E8C07578F}.Release|Windows Phone 8.Build.0 = Release|Windows Phone 8
		{1A177D03-A122-4EFA-98D5-391E8C07578F}.Release|Windows Phone 8.Deploy.0 = Release|Windows Phone 8
		{1A177D03-A122-4EFA-98D5-391E8C07578F}.Release|Windows-AnyCPU.ActiveCfg = Release|Windows-AnyCPU
		{1A177D03-A122-4EFA-98D5-391E8C07578F}.Release|Windows-AnyCPU.Build.0 = Release|Windows-AnyCPU
		{1A177D03-A122-4EFA-98D5-391E8C07578F}.Release|Windows-AnyCPU.Deploy.0 = Release|Windows-AnyCPU
		{1A177D03-A122-4EFA-98D5-391E8C07578F}.Release|Windows-ARM.ActiveCfg = Release|Windows-ARM
		{1A177D03-A122-4EFA-98D5-391E8C07578F}.Release|Windows-ARM.Build.0 = Release|Windows-ARM
		{1A177D03-A122-4EFA-98D5-391E8C07578F}.Release|Windows-ARM.Deploy.0 = Release|Windows-ARM
		{1A177D03-A122-4EFA-98D5-391E8C07578F}.Release|Windows-x64.ActiveCfg = Release|Windows-x64
		{1A177D03-A122-4EFA-98D5-391E8C07578F}.Release|Windows-x64.Build.0 = Release|Windows-x64
		{1A177D03-A122-4EFA-98D5-391E8C07578F}.Release|Windows-x64.Deploy.0 = Release|Windows-x64
		{1A177D03-A122-4EFA-98D5-391E8C07578F}.Release|Windows-x86.ActiveCfg = Release|Windows-x86
		{1A177D03-A122-4EFA-98D5-391E8C07578F}.Release|Windows-x86.Build.0 = Release|Windows-x86
		{1A177D03-A122-4EFA-98D5-391E8C07578F}.Release|Windows-x86.Deploy.0 = Release|Windows-x86
	EndGlobalSection
	GlobalSection(SolutionProperties) = preSolution
		HideSolutionNode = FALSE
	EndGlobalSection
	GlobalSection(NestedProjects) = preSolution
		{F8647703-89F4-455F-AAD1-3B9FE8B4D361} = {139E3AE4-81EC-4BA4-A1EC-0A17ED0A52B8}
	EndGlobalSection
EndGlobal
