
Microsoft Visual Studio Solution File, Format Version 12.00
# Visual Studio 2012
Project("{FAE04EC0-301F-11D3-BF4B-00C04F79EFBC}") = "Ninja", "Ninja\Ninja.csproj", "{0D5C7EBB-5C5C-47D6-AD8A-DDAFD606CD90}"
EndProject
Project("{FAE04EC0-301F-11D3-BF4B-00C04F79EFBC}") = "Ninja.Tests", "Ninja.Tests\Ninja.Tests.csproj", "{720F6DB7-6F09-43A7-B489-4A3E11193845}"
EndProject
Global
	GlobalSection(SolutionConfigurationPlatforms) = preSolution
		Debug|Any CPU = Debug|Any CPU
		Release|Any CPU = Release|Any CPU
	EndGlobalSection
	GlobalSection(ProjectConfigurationPlatforms) = postSolution
		{0D5C7EBB-5C5C-47D6-AD8A-DDAFD606CD90}.Debug|Any CPU.ActiveCfg = Debug|Any CPU
		{0D5C7EBB-5C5C-47D6-AD8A-DDAFD606CD90}.Debug|Any CPU.Build.0 = Debug|Any CPU
		{0D5C7EBB-5C5C-47D6-AD8A-DDAFD606CD90}.Release|Any CPU.ActiveCfg = Release|Any CPU
		{0D5C7EBB-5C5C-47D6-AD8A-DDAFD606CD90}.Release|Any CPU.Build.0 = Release|Any CPU
		{720F6DB7-6F09-43A7-B489-4A3E11193845}.Debug|Any CPU.ActiveCfg = Debug|Any CPU
		{720F6DB7-6F09-43A7-B489-4A3E11193845}.Debug|Any CPU.Build.0 = Debug|Any CPU
		{720F6DB7-6F09-43A7-B489-4A3E11193845}.Release|Any CPU.ActiveCfg = Release|Any CPU
		{720F6DB7-6F09-43A7-B489-4A3E11193845}.Release|Any CPU.Build.0 = Release|Any CPU
	EndGlobalSection
	GlobalSection(SolutionProperties) = preSolution
		HideSolutionNode = FALSE
	EndGlobalSection
EndGlobal
